
Microsoft Visual Studio Solution File, Format Version 12.00
# Visual Studio Version 17
VisualStudioVersion = 17.5.33516.290
MinimumVisualStudioVersion = 10.0.40219.1
Project("{FAE04EC0-301F-11D3-BF4B-00C04F79EFBC}") = "Quadratic Equations", "Mao_SorakpheaNukma\Quadratic Equations.csproj", "{56C9B207-A121-49EF-B5B1-C047398E7AC5}"
EndProject
Project("{2150E333-8FDC-42A3-9474-1A3956D46DE8}") = "Quadratic_Equations", "Quadratic_Equations", "{CB124D7B-62AD-43A3-BB19-9F7452BE39E0}"
EndProject
Global
	GlobalSection(SolutionConfigurationPlatforms) = preSolution
		Debug|Any CPU = Debug|Any CPU
		Release|Any CPU = Release|Any CPU
	EndGlobalSection
	GlobalSection(ProjectConfigurationPlatforms) = postSolution
		{56C9B207-A121-49EF-B5B1-C047398E7AC5}.Debug|Any CPU.ActiveCfg = Debug|Any CPU
		{56C9B207-A121-49EF-B5B1-C047398E7AC5}.Debug|Any CPU.Build.0 = Debug|Any CPU
		{56C9B207-A121-49EF-B5B1-C047398E7AC5}.Release|Any CPU.ActiveCfg = Release|Any CPU
		{56C9B207-A121-49EF-B5B1-C047398E7AC5}.Release|Any CPU.Build.0 = Release|Any CPU
	EndGlobalSection
	GlobalSection(SolutionProperties) = preSolution
		HideSolutionNode = FALSE
	EndGlobalSection
	GlobalSection(NestedProjects) = preSolution
		{56C9B207-A121-49EF-B5B1-C047398E7AC5} = {CB124D7B-62AD-43A3-BB19-9F7452BE39E0}
	EndGlobalSection
	GlobalSection(ExtensibilityGlobals) = postSolution
		SolutionGuid = {519CE034-1906-4345-AC9C-F4E073B52D1C}
	EndGlobalSection
EndGlobal
